// !$*UTF8*$!
{
	archiveVersion = 1;
	classes = {
	};
	objectVersion = 46;
	objects = {

/* Begin PBXGroup section */
		1D943BEB1E64B5EE000E6D19 = {
			isa = PBXGroup;
			children = (
			);
			sourceTree = "<group>";
		};
/* End PBXGroup section */

/* Begin PBXProject section */
		1D943BEC1E64B5EE000E6D19 /* Project object */ = {
			isa = PBXProject;
			attributes = {
				LastUpgradeCheck = 0820;
			};
			buildConfigurationList = 1D943BEF1E64B5EE000E6D19 /* Build configuration list for PBXProject "hello python" */;
			compatibilityVersion = "Xcode 3.2";
			developmentRegion = English;
			hasScannedForEncodings = 0;
			knownRegions = (
				en,
			);
			mainGroup = 1D943BEB1E64B5EE000E6D19;
			projectDirPath = "";
			projectRoot = "";
			targets = (
			);
		};
/* End PBXProject section */

/* Begin XCBuildConfiguration section */
		1D943BF01E64B5EE000E6D19 /* Debug */ = {
			isa = XCBuildConfiguration;
			buildSettings = {
			};
			name = Debug;
		};
		1D943BF11E64B5EE000E6D19 /* Release */ = {
			isa = XCBuildConfiguration;
			buildSettings = {
			};
			name = Release;
		};
/* End XCBuildConfiguration section */

/* Begin XCConfigurationList section */
		1D943BEF1E64B5EE000E6D19 /* Build configuration list for PBXProject "hello python" */ = {
			isa = XCConfigurationList;
			buildConfigurations = (
				1D943BF01E64B5EE000E6D19 /* Debug */,
				1D943BF11E64B5EE000E6D19 /* Release */,
			);
			defaultConfigurationIsVisible = 0;
			defaultConfigurationName = Release;
		};
/* End XCConfigurationList section */
	};
	rootObject = 1D943BEC1E64B5EE000E6D19 /* Project object */;
}
